// !$*UTF8*$!
{
	archiveVersion = 1;
	classes = {
	};
	objectVersion = 56;
	objects = {

/* Begin PBXBuildFile section */
		32761F0E2A786C5300EC0C71 /* CrashReproApp.swift in Sources */ = {isa = PBXBuildFile; fileRef = 32761F0D2A786C5300EC0C71 /* CrashReproApp.swift */; };
		32761F102A786C5300EC0C71 /* ContentView.swift in Sources */ = {isa = PBXBuildFile; fileRef = 32761F0F2A786C5300EC0C71 /* ContentView.swift */; };
		32761F122A786C5400EC0C71 /* Assets.xcassets in Resources */ = {isa = PBXBuildFile; fileRef = 32761F112A786C5400EC0C71 /* Assets.xcassets */; };
		32761F152A786C5400EC0C71 /* Preview Assets.xcassets in Resources */ = {isa = PBXBuildFile; fileRef = 32761F142A786C5400EC0C71 /* Preview Assets.xcassets */; };
		32761F1B2A786C5400EC0C71 /* CrashRepro Watch App.app in Embed Watch Content */ = {isa = PBXBuildFile; fileRef = 32761F1A2A786C5400EC0C71 /* CrashRepro Watch App.app */; settings = {ATTRIBUTES = (RemoveHeadersOnCopy, ); }; };
		32761F202A786C5400EC0C71 /* CrashReproApp.swift in Sources */ = {isa = PBXBuildFile; fileRef = 32761F1F2A786C5400EC0C71 /* CrashReproApp.swift */; };
		32761F222A786C5400EC0C71 /* ContentView.swift in Sources */ = {isa = PBXBuildFile; fileRef = 32761F212A786C5400EC0C71 /* ContentView.swift */; };
		32761F242A786C5500EC0C71 /* Assets.xcassets in Resources */ = {isa = PBXBuildFile; fileRef = 32761F232A786C5500EC0C71 /* Assets.xcassets */; };
		32761F272A786C5500EC0C71 /* Preview Assets.xcassets in Resources */ = {isa = PBXBuildFile; fileRef = 32761F262A786C5500EC0C71 /* Preview Assets.xcassets */; };
/* End PBXBuildFile section */

/* Begin PBXContainerItemProxy section */
		32761F1C2A786C5400EC0C71 /* PBXContainerItemProxy */ = {
			isa = PBXContainerItemProxy;
			containerPortal = 32761F022A786C5200EC0C71 /* Project object */;
			proxyType = 1;
			remoteGlobalIDString = 32761F192A786C5400EC0C71;
			remoteInfo = "CrashRepro Watch App";
		};
/* End PBXContainerItemProxy section */

/* Begin PBXCopyFilesBuildPhase section */
		32761F2D2A786C5500EC0C71 /* Embed Watch Content */ = {
			isa = PBXCopyFilesBuildPhase;
			buildActionMask = 2147483647;
			dstPath = "$(CONTENTS_FOLDER_PATH)/Watch";
			dstSubfolderSpec = 16;
			files = (
				32761F1B2A786C5400EC0C71 /* CrashRepro Watch App.app in Embed Watch Content */,
			);
			name = "Embed Watch Content";
			runOnlyForDeploymentPostprocessing = 0;
		};
/* End PBXCopyFilesBuildPhase section */

/* Begin PBXFileReference section */
		32761F0A2A786C5300EC0C71 /* CrashRepro.app */ = {isa = PBXFileReference; explicitFileType = wrapper.application; includeInIndex = 0; path = CrashRepro.app; sourceTree = BUILT_PRODUCTS_DIR; };
		32761F0D2A786C5300EC0C71 /* CrashReproApp.swift */ = {isa = PBXFileReference; lastKnownFileType = sourcecode.swift; path = CrashReproApp.swift; sourceTree = "<group>"; };
		32761F0F2A786C5300EC0C71 /* ContentView.swift */ = {isa = PBXFileReference; lastKnownFileType = sourcecode.swift; path = ContentView.swift; sourceTree = "<group>"; };
		32761F112A786C5400EC0C71 /* Assets.xcassets */ = {isa = PBXFileReference; lastKnownFileType = folder.assetcatalog; path = Assets.xcassets; sourceTree = "<group>"; };
		32761F142A786C5400EC0C71 /* Preview Assets.xcassets */ = {isa = PBXFileReference; lastKnownFileType = folder.assetcatalog; path = "Preview Assets.xcassets"; sourceTree = "<group>"; };
		32761F1A2A786C5400EC0C71 /* CrashRepro Watch App.app */ = {isa = PBXFileReference; explicitFileType = wrapper.application; includeInIndex = 0; path = "CrashRepro Watch App.app"; sourceTree = BUILT_PRODUCTS_DIR; };
		32761F1F2A786C5400EC0C71 /* CrashReproApp.swift */ = {isa = PBXFileReference; lastKnownFileType = sourcecode.swift; path = CrashReproApp.swift; sourceTree = "<group>"; };
		32761F212A786C5400EC0C71 /* ContentView.swift */ = {isa = PBXFileReference; lastKnownFileType = sourcecode.swift; path = ContentView.swift; sourceTree = "<group>"; };
		32761F232A786C5500EC0C71 /* Assets.xcassets */ = {isa = PBXFileReference; lastKnownFileType = folder.assetcatalog; path = Assets.xcassets; sourceTree = "<group>"; };
		32761F262A786C5500EC0C71 /* Preview Assets.xcassets */ = {isa = PBXFileReference; lastKnownFileType = folder.assetcatalog; path = "Preview Assets.xcassets"; sourceTree = "<group>"; };
/* End PBXFileReference section */

/* Begin PBXFrameworksBuildPhase section */
		32761F072A786C5300EC0C71 /* Frameworks */ = {
			isa = PBXFrameworksBuildPhase;
			buildActionMask = 2147483647;
			files = (
			);
			runOnlyForDeploymentPostprocessing = 0;
		};
		32761F172A786C5400EC0C71 /* Frameworks */ = {
			isa = PBXFrameworksBuildPhase;
			buildActionMask = 2147483647;
			files = (
			);
			runOnlyForDeploymentPostprocessing = 0;
		};
/* End PBXFrameworksBuildPhase section */

/* Begin PBXGroup section */
		32761F012A786C5200EC0C71 = {
			isa = PBXGroup;
			children = (
				32761F0C2A786C5300EC0C71 /* CrashRepro */,
				32761F1E2A786C5400EC0C71 /* CrashRepro Watch App */,
				32761F0B2A786C5300EC0C71 /* Products */,
			);
			sourceTree = "<group>";
		};
		32761F0B2A786C5300EC0C71 /* Products */ = {
			isa = PBXGroup;
			children = (
				32761F0A2A786C5300EC0C71 /* CrashRepro.app */,
				32761F1A2A786C5400EC0C71 /* CrashRepro Watch App.app */,
			);
			name = Products;
			sourceTree = "<group>";
		};
		32761F0C2A786C5300EC0C71 /* CrashRepro */ = {
			isa = PBXGroup;
			children = (
				32761F0D2A786C5300EC0C71 /* CrashReproApp.swift */,
				32761F0F2A786C5300EC0C71 /* ContentView.swift */,
				32761F112A786C5400EC0C71 /* Assets.xcassets */,
				32761F132A786C5400EC0C71 /* Preview Content */,
			);
			path = CrashRepro;
			sourceTree = "<group>";
		};
		32761F132A786C5400EC0C71 /* Preview Content */ = {
			isa = PBXGroup;
			children = (
				32761F142A786C5400EC0C71 /* Preview Assets.xcassets */,
			);
			path = "Preview Content";
			sourceTree = "<group>";
		};
		32761F1E2A786C5400EC0C71 /* CrashRepro Watch App */ = {
			isa = PBXGroup;
			children = (
				32761F1F2A786C5400EC0C71 /* CrashReproApp.swift */,
				32761F212A786C5400EC0C71 /* ContentView.swift */,
				32761F232A786C5500EC0C71 /* Assets.xcassets */,
				32761F252A786C5500EC0C71 /* Preview Content */,
			);
			path = "CrashRepro Watch App";
			sourceTree = "<group>";
		};
		32761F252A786C5500EC0C71 /* Preview Content */ = {
			isa = PBXGroup;
			children = (
				32761F262A786C5500EC0C71 /* Preview Assets.xcassets */,
			);
			path = "Preview Content";
			sourceTree = "<group>";
		};
/* End PBXGroup section */

/* Begin PBXNativeTarget section */
		32761F092A786C5300EC0C71 /* CrashRepro */ = {
			isa = PBXNativeTarget;
			buildConfigurationList = 32761F2E2A786C5500EC0C71 /* Build configuration list for PBXNativeTarget "CrashRepro" */;
			buildPhases = (
				32761F062A786C5300EC0C71 /* Sources */,
				32761F072A786C5300EC0C71 /* Frameworks */,
				32761F082A786C5300EC0C71 /* Resources */,
				32761F2D2A786C5500EC0C71 /* Embed Watch Content */,
			);
			buildRules = (
			);
			dependencies = (
				32761F1D2A786C5400EC0C71 /* PBXTargetDependency */,
			);
			name = CrashRepro;
			productName = CrashRepro;
			productReference = 32761F0A2A786C5300EC0C71 /* CrashRepro.app */;
			productType = "com.apple.product-type.application";
		};
		32761F192A786C5400EC0C71 /* CrashRepro Watch App */ = {
			isa = PBXNativeTarget;
			buildConfigurationList = 32761F2A2A786C5500EC0C71 /* Build configuration list for PBXNativeTarget "CrashRepro Watch App" */;
			buildPhases = (
				32761F162A786C5400EC0C71 /* Sources */,
				32761F172A786C5400EC0C71 /* Frameworks */,
				32761F182A786C5400EC0C71 /* Resources */,
			);
			buildRules = (
			);
			dependencies = (
			);
			name = "CrashRepro Watch App";
			productName = "CrashRepro Watch App";
			productReference = 32761F1A2A786C5400EC0C71 /* CrashRepro Watch App.app */;
			productType = "com.apple.product-type.application";
		};
/* End PBXNativeTarget section */

/* Begin PBXProject section */
		32761F022A786C5200EC0C71 /* Project object */ = {
			isa = PBXProject;
			attributes = {
				BuildIndependentTargetsInParallel = 1;
				LastSwiftUpdateCheck = 1430;
				LastUpgradeCheck = 1430;
				TargetAttributes = {
					32761F092A786C5300EC0C71 = {
						CreatedOnToolsVersion = 14.3.1;
					};
					32761F192A786C5400EC0C71 = {
						CreatedOnToolsVersion = 14.3.1;
					};
				};
			};
			buildConfigurationList = 32761F052A786C5200EC0C71 /* Build configuration list for PBXProject "CrashRepro" */;
			compatibilityVersion = "Xcode 14.0";
			developmentRegion = en;
			hasScannedForEncodings = 0;
			knownRegions = (
				en,
				Base,
			);
			mainGroup = 32761F012A786C5200EC0C71;
			productRefGroup = 32761F0B2A786C5300EC0C71 /* Products */;
			projectDirPath = "";
			projectRoot = "";
			targets = (
				32761F092A786C5300EC0C71 /* CrashRepro */,
				32761F192A786C5400EC0C71 /* CrashRepro Watch App */,
			);
		};
/* End PBXProject section */

/* Begin PBXResourcesBuildPhase section */
		32761F082A786C5300EC0C71 /* Resources */ = {
			isa = PBXResourcesBuildPhase;
			buildActionMask = 2147483647;
			files = (
				32761F152A786C5400EC0C71 /* Preview Assets.xcassets in Resources */,
				32761F122A786C5400EC0C71 /* Assets.xcassets in Resources */,
			);
			runOnlyForDeploymentPostprocessing = 0;
		};
		32761F182A786C5400EC0C71 /* Resources */ = {
			isa = PBXResourcesBuildPhase;
			buildActionMask = 2147483647;
			files = (
				32761F272A786C5500EC0C71 /* Preview Assets.xcassets in Resources */,
				32761F242A786C5500EC0C71 /* Assets.xcassets in Resources */,
			);
			runOnlyForDeploymentPostprocessing = 0;
		};
/* End PBXResourcesBuildPhase section */

/* Begin PBXSourcesBuildPhase section */
		32761F062A786C5300EC0C71 /* Sources */ = {
			isa = PBXSourcesBuildPhase;
			buildActionMask = 2147483647;
			files = (
				32761F102A786C5300EC0C71 /* ContentView.swift in Sources */,
				32761F0E2A786C5300EC0C71 /* CrashReproApp.swift in Sources */,
			);
			runOnlyForDeploymentPostprocessing = 0;
		};
		32761F162A786C5400EC0C71 /* Sources */ = {
			isa = PBXSourcesBuildPhase;
			buildActionMask = 2147483647;
			files = (
				32761F222A786C5400EC0C71 /* ContentView.swift in Sources */,
				32761F202A786C5400EC0C71 /* CrashReproApp.swift in Sources */,
			);
			runOnlyForDeploymentPostprocessing = 0;
		};
/* End PBXSourcesBuildPhase section */

/* Begin PBXTargetDependency section */
		32761F1D2A786C5400EC0C71 /* PBXTargetDependency */ = {
			isa = PBXTargetDependency;
			target = 32761F192A786C5400EC0C71 /* CrashRepro Watch App */;
			targetProxy = 32761F1C2A786C5400EC0C71 /* PBXContainerItemProxy */;
		};
/* End PBXTargetDependency section */

/* Begin XCBuildConfiguration section */
		32761F282A786C5500EC0C71 /* Debug */ = {
			isa = XCBuildConfiguration;
			buildSettings = {
				ALWAYS_SEARCH_USER_PATHS = NO;
				CLANG_ANALYZER_NONNULL = YES;
				CLANG_ANALYZER_NUMBER_OBJECT_CONVERSION = YES_AGGRESSIVE;
				CLANG_CXX_LANGUAGE_STANDARD = "gnu++20";
				CLANG_ENABLE_MODULES = YES;
				CLANG_ENABLE_OBJC_ARC = YES;
				CLANG_ENABLE_OBJC_WEAK = YES;
				CLANG_WARN_BLOCK_CAPTURE_AUTORELEASING = YES;
				CLANG_WARN_BOOL_CONVERSION = YES;
				CLANG_WARN_COMMA = YES;
				CLANG_WARN_CONSTANT_CONVERSION = YES;
				CLANG_WARN_DEPRECATED_OBJC_IMPLEMENTATIONS = YES;
				CLANG_WARN_DIRECT_OBJC_ISA_USAGE = YES_ERROR;
				CLANG_WARN_DOCUMENTATION_COMMENTS = YES;
				CLANG_WARN_EMPTY_BODY = YES;
				CLANG_WARN_ENUM_CONVERSION = YES;
				CLANG_WARN_INFINITE_RECURSION = YES;
				CLANG_WARN_INT_CONVERSION = YES;
				CLANG_WARN_NON_LITERAL_NULL_CONVERSION = YES;
				CLANG_WARN_OBJC_IMPLICIT_RETAIN_SELF = YES;
				CLANG_WARN_OBJC_LITERAL_CONVERSION = YES;
				CLANG_WARN_OBJC_ROOT_CLASS = YES_ERROR;
				CLANG_WARN_QUOTED_INCLUDE_IN_FRAMEWORK_HEADER = YES;
				CLANG_WARN_RANGE_LOOP_ANALYSIS = YES;
				CLANG_WARN_STRICT_PROTOTYPES = YES;
				CLANG_WARN_SUSPICIOUS_MOVE = YES;
				CLANG_WARN_UNGUARDED_AVAILABILITY = YES_AGGRESSIVE;
				CLANG_WARN_UNREACHABLE_CODE = YES;
				CLANG_WARN__DUPLICATE_METHOD_MATCH = YES;
				COPY_PHASE_STRIP = NO;
				DEBUG_INFORMATION_FORMAT = dwarf;
				ENABLE_STRICT_OBJC_MSGSEND = YES;
				ENABLE_TESTABILITY = YES;
				GCC_C_LANGUAGE_STANDARD = gnu11;
				GCC_DYNAMIC_NO_PIC = NO;
				GCC_NO_COMMON_BLOCKS = YES;
				GCC_OPTIMIZATION_LEVEL = 0;
				GCC_PREPROCESSOR_DEFINITIONS = (
					"DEBUG=1",
					"$(inherited)",
				);
				GCC_WARN_64_TO_32_BIT_CONVERSION = YES;
				GCC_WARN_ABOUT_RETURN_TYPE = YES_ERROR;
				GCC_WARN_UNDECLARED_SELECTOR = YES;
				GCC_WARN_UNINITIALIZED_AUTOS = YES_AGGRESSIVE;
				GCC_WARN_UNUSED_FUNCTION = YES;
				GCC_WARN_UNUSED_VARIABLE = YES;
				MTL_ENABLE_DEBUG_INFO = INCLUDE_SOURCE;
				MTL_FAST_MATH = YES;
				ONLY_ACTIVE_ARCH = YES;
				SWIFT_ACTIVE_COMPILATION_CONDITIONS = DEBUG;
				SWIFT_OPTIMIZATION_LEVEL = "-Onone";
			};
			name = Debug;
		};
		32761F292A786C5500EC0C71 /* Release */ = {
			isa = XCBuildConfiguration;
			buildSettings = {
				ALWAYS_SEARCH_USER_PATHS = NO;
				CLANG_ANALYZER_NONNULL = YES;
				CLANG_ANALYZER_NUMBER_OBJECT_CONVERSION = YES_AGGRESSIVE;
				CLANG_CXX_LANGUAGE_STANDARD = "gnu++20";
				CLANG_ENABLE_MODULES = YES;
				CLANG_ENABLE_OBJC_ARC = YES;
				CLANG_ENABLE_OBJC_WEAK = YES;
				CLANG_WARN_BLOCK_CAPTURE_AUTORELEASING = YES;
				CLANG_WARN_BOOL_CONVERSION = YES;
				CLANG_WARN_COMMA = YES;
				CLANG_WARN_CONSTANT_CONVERSION = YES;
				CLANG_WARN_DEPRECATED_OBJC_IMPLEMENTATIONS = YES;
				CLANG_WARN_DIRECT_OBJC_ISA_USAGE = YES_ERROR;
				CLANG_WARN_DOCUMENTATION_COMMENTS = YES;
				CLANG_WARN_EMPTY_BODY = YES;
				CLANG_WARN_ENUM_CONVERSION = YES;
				CLANG_WARN_INFINITE_RECURSION = YES;
				CLANG_WARN_INT_CONVERSION = YES;
				CLANG_WARN_NON_LITERAL_NULL_CONVERSION = YES;
				CLANG_WARN_OBJC_IMPLICIT_RETAIN_SELF = YES;
				CLANG_WARN_OBJC_LITERAL_CONVERSION = YES;
				CLANG_WARN_OBJC_ROOT_CLASS = YES_ERROR;
				CLANG_WARN_QUOTED_INCLUDE_IN_FRAMEWORK_HEADER = YES;
				CLANG_WARN_RANGE_LOOP_ANALYSIS = YES;
				CLANG_WARN_STRICT_PROTOTYPES = YES;
				CLANG_WARN_SUSPICIOUS_MOVE = YES;
				CLANG_WARN_UNGUARDED_AVAILABILITY = YES_AGGRESSIVE;
				CLANG_WARN_UNREACHABLE_CODE = YES;
				CLANG_WARN__DUPLICATE_METHOD_MATCH = YES;
				COPY_PHASE_STRIP = NO;
				DEBUG_INFORMATION_FORMAT = "dwarf-with-dsym";
				ENABLE_NS_ASSERTIONS = NO;
				ENABLE_STRICT_OBJC_MSGSEND = YES;
				GCC_C_LANGUAGE_STANDARD = gnu11;
				GCC_NO_COMMON_BLOCKS = YES;
				GCC_WARN_64_TO_32_BIT_CONVERSION = YES;
				GCC_WARN_ABOUT_RETURN_TYPE = YES_ERROR;
				GCC_WARN_UNDECLARED_SELECTOR = YES;
				GCC_WARN_UNINITIALIZED_AUTOS = YES_AGGRESSIVE;
				GCC_WARN_UNUSED_FUNCTION = YES;
				GCC_WARN_UNUSED_VARIABLE = YES;
				MTL_ENABLE_DEBUG_INFO = NO;
				MTL_FAST_MATH = YES;
				SWIFT_COMPILATION_MODE = wholemodule;
				SWIFT_OPTIMIZATION_LEVEL = "-O";
			};
			name = Release;
		};
		32761F2B2A786C5500EC0C71 /* Debug */ = {
			isa = XCBuildConfiguration;
			buildSettings = {
				ASSETCATALOG_COMPILER_APPICON_NAME = AppIcon;
				ASSETCATALOG_COMPILER_GLOBAL_ACCENT_COLOR_NAME = AccentColor;
				CODE_SIGN_STYLE = Automatic;
				CURRENT_PROJECT_VERSION = 1;
				DEVELOPMENT_ASSET_PATHS = "\"CrashRepro Watch App/Preview Content\"";
				DEVELOPMENT_TEAM = M3X7G8MBSH;
				ENABLE_PREVIEWS = YES;
				GENERATE_INFOPLIST_FILE = YES;
				INFOPLIST_KEY_CFBundleDisplayName = CrashRepro;
				INFOPLIST_KEY_UISupportedInterfaceOrientations = "UIInterfaceOrientationPortrait UIInterfaceOrientationPortraitUpsideDown";
				INFOPLIST_KEY_WKCompanionAppBundleIdentifier = com.test.CrashRepro;
				LD_RUNPATH_SEARCH_PATHS = (
					"$(inherited)",
					"@executable_path/Frameworks",
				);
				MARKETING_VERSION = 1.0;
				PRODUCT_BUNDLE_IDENTIFIER = com.test.CrashRepro.watchkitapp;
				PRODUCT_NAME = "$(TARGET_NAME)";
				SDKROOT = watchos;
				SKIP_INSTALL = YES;
				SWIFT_EMIT_LOC_STRINGS = YES;
				SWIFT_VERSION = 5.0;
				TARGETED_DEVICE_FAMILY = 4;
				WATCHOS_DEPLOYMENT_TARGET = 9.4;
			};
			name = Debug;
		};
		32761F2C2A786C5500EC0C71 /* Release */ = {
			isa = XCBuildConfiguration;
			buildSettings = {
				ASSETCATALOG_COMPILER_APPICON_NAME = AppIcon;
				ASSETCATALOG_COMPILER_GLOBAL_ACCENT_COLOR_NAME = AccentColor;
				CODE_SIGN_STYLE = Automatic;
				CURRENT_PROJECT_VERSION = 1;
				DEVELOPMENT_ASSET_PATHS = "\"CrashRepro Watch App/Preview Content\"";
				DEVELOPMENT_TEAM = M3X7G8MBSH;
				ENABLE_PREVIEWS = YES;
				GENERATE_INFOPLIST_FILE = YES;
				INFOPLIST_KEY_CFBundleDisplayName = CrashRepro;
				INFOPLIST_KEY_UISupportedInterfaceOrientations = "UIInterfaceOrientationPortrait UIInterfaceOrientationPortraitUpsideDown";
				INFOPLIST_KEY_WKCompanionAppBundleIdentifier = com.test.CrashRepro;
				LD_RUNPATH_SEARCH_PATHS = (
					"$(inherited)",
					"@executable_path/Frameworks",
				);
				MARKETING_VERSION = 1.0;
				PRODUCT_BUNDLE_IDENTIFIER = com.test.CrashRepro.watchkitapp;
				PRODUCT_NAME = "$(TARGET_NAME)";
				SDKROOT = watchos;
				SKIP_INSTALL = YES;
				SWIFT_EMIT_LOC_STRINGS = YES;
				SWIFT_VERSION = 5.0;
				TARGETED_DEVICE_FAMILY = 4;
				VALIDATE_PRODUCT = YES;
				WATCHOS_DEPLOYMENT_TARGET = 9.4;
			};
			name = Release;
		};
		32761F2F2A786C5500EC0C71 /* Debug */ = {
			isa = XCBuildConfiguration;
			buildSettings = {
				ALWAYS_EMBED_SWIFT_STANDARD_LIBRARIES = YES;
				ASSETCATALOG_COMPILER_APPICON_NAME = AppIcon;
				ASSETCATALOG_COMPILER_GLOBAL_ACCENT_COLOR_NAME = AccentColor;
				CODE_SIGN_STYLE = Automatic;
				CURRENT_PROJECT_VERSION = 1;
				DEVELOPMENT_ASSET_PATHS = "\"CrashRepro/Preview Content\"";
				DEVELOPMENT_TEAM = M3X7G8MBSH;
				ENABLE_PREVIEWS = YES;
				GENERATE_INFOPLIST_FILE = YES;
				INFOPLIST_KEY_CFBundleDisplayName = CrashRepro;
				INFOPLIST_KEY_UIApplicationSceneManifest_Generation = YES;
				INFOPLIST_KEY_UIApplicationSupportsIndirectInputEvents = YES;
				INFOPLIST_KEY_UILaunchScreen_Generation = YES;
				INFOPLIST_KEY_UISupportedInterfaceOrientations_iPad = "UIInterfaceOrientationPortrait UIInterfaceOrientationPortraitUpsideDown UIInterfaceOrientationLandscapeLeft UIInterfaceOrientationLandscapeRight";
				INFOPLIST_KEY_UISupportedInterfaceOrientations_iPhone = "UIInterfaceOrientationPortrait UIInterfaceOrientationLandscapeLeft UIInterfaceOrientationLandscapeRight";
				IPHONEOS_DEPLOYMENT_TARGET = 16.4;
				LD_RUNPATH_SEARCH_PATHS = (
					"$(inherited)",
					"@executable_path/Frameworks",
				);
				MARKETING_VERSION = 1.0;
				PRODUCT_BUNDLE_IDENTIFIER = com.test.CrashRepro;
				PRODUCT_NAME = "$(TARGET_NAME)";
				SDKROOT = iphoneos;
				SWIFT_EMIT_LOC_STRINGS = YES;
				SWIFT_VERSION = 5.0;
				TARGETED_DEVICE_FAMILY = "1,2";
			};
			name = Debug;
		};
		32761F302A786C5500EC0C71 /* Release */ = {
			isa = XCBuildConfiguration;
			buildSettings = {
				ALWAYS_EMBED_SWIFT_STANDARD_LIBRARIES = YES;
				ASSETCATALOG_COMPILER_APPICON_NAME = AppIcon;
				ASSETCATALOG_COMPILER_GLOBAL_ACCENT_COLOR_NAME = AccentColor;
				CODE_SIGN_STYLE = Automatic;
				CURRENT_PROJECT_VERSION = 1;
				DEVELOPMENT_ASSET_PATHS = "\"CrashRepro/Preview Content\"";
				DEVELOPMENT_TEAM = M3X7G8MBSH;
				ENABLE_PREVIEWS = YES;
				GENERATE_INFOPLIST_FILE = YES;
				INFOPLIST_KEY_CFBundleDisplayName = CrashRepro;
				INFOPLIST_KEY_UIApplicationSceneManifest_Generation = YES;
				INFOPLIST_KEY_UIApplicationSupportsIndirectInputEvents = YES;
				INFOPLIST_KEY_UILaunchScreen_Generation = YES;
				INFOPLIST_KEY_UISupportedInterfaceOrientations_iPad = "UIInterfaceOrientationPortrait UIInterfaceOrientationPortraitUpsideDown UIInterfaceOrientationLandscapeLeft UIInterfaceOrientationLandscapeRight";
				INFOPLIST_KEY_UISupportedInterfaceOrientations_iPhone = "UIInterfaceOrientationPortrait UIInterfaceOrientationLandscapeLeft UIInterfaceOrientationLandscapeRight";
				IPHONEOS_DEPLOYMENT_TARGET = 16.4;
				LD_RUNPATH_SEARCH_PATHS = (
					"$(inherited)",
					"@executable_path/Frameworks",
				);
				MARKETING_VERSION = 1.0;
				PRODUCT_BUNDLE_IDENTIFIER = com.test.CrashRepro;
				PRODUCT_NAME = "$(TARGET_NAME)";
				SDKROOT = iphoneos;
				SWIFT_EMIT_LOC_STRINGS = YES;
				SWIFT_VERSION = 5.0;
				TARGETED_DEVICE_FAMILY = "1,2";
				VALIDATE_PRODUCT = YES;
			};
			name = Release;
		};
/* End XCBuildConfiguration section */

/* Begin XCConfigurationList section */
		32761F052A786C5200EC0C71 /* Build configuration list for PBXProject "CrashRepro" */ = {
			isa = XCConfigurationList;
			buildConfigurations = (
				32761F282A786C5500EC0C71 /* Debug */,
				32761F292A786C5500EC0C71 /* Release */,
			);
			defaultConfigurationIsVisible = 0;
			defaultConfigurationName = Release;
		};
		32761F2A2A786C5500EC0C71 /* Build configuration list for PBXNativeTarget "CrashRepro Watch App" */ = {
			isa = XCConfigurationList;
			buildConfigurations = (
				32761F2B2A786C5500EC0C71 /* Debug */,
				32761F2C2A786C5500EC0C71 /* Release */,
			);
			defaultConfigurationIsVisible = 0;
			defaultConfigurationName = Release;
		};
		32761F2E2A786C5500EC0C71 /* Build configuration list for PBXNativeTarget "CrashRepro" */ = {
			isa = XCConfigurationList;
			buildConfigurations = (
				32761F2F2A786C5500EC0C71 /* Debug */,
				32761F302A786C5500EC0C71 /* Release */,
			);
			defaultConfigurationIsVisible = 0;
			defaultConfigurationName = Release;
		};
/* End XCConfigurationList section */
	};
	rootObject = 32761F022A786C5200EC0C71 /* Project object */;
}
